
Microsoft Visual Studio Solution File, Format Version 12.00
# Visual Studio 15
VisualStudioVersion = 15.0.28307.779
MinimumVisualStudioVersion = 10.0.40219.1
Project("{FAE04EC0-301F-11D3-BF4B-00C04F79EFBC}") = "WindowsApplication", "WindowsApplication.csproj", "{E9A6F7C7-FB71-4907-9671-AD6FD3E2C473}"
	ProjectSection(ProjectDependencies) = postProject
		{293C7BF9-4AF2-4CC7-8D17-59A64B771101} = {293C7BF9-4AF2-4CC7-8D17-59A64B771101}
	EndProjectSection
EndProject
Project("{FAE04EC0-301F-11D3-BF4B-00C04F79EFBC}") = "WCFServices", "..\WCFServices\WCFServices.csproj", "{293C7BF9-4AF2-4CC7-8D17-59A64B771101}"
EndProject
Project("{FAE04EC0-301F-11D3-BF4B-00C04F79EFBC}") = "MaskedLabel", "..\MaskedLabel\MaskedLabel.csproj", "{049F1B57-22DE-42E2-A648-B64B82BF6DF5}"
EndProject
Global
	GlobalSection(SolutionConfigurationPlatforms) = preSolution
		Debug|Any CPU = Debug|Any CPU
		Release|Any CPU = Release|Any CPU
	EndGlobalSection
	GlobalSection(ProjectConfigurationPlatforms) = postSolution
		{E9A6F7C7-FB71-4907-9671-AD6FD3E2C473}.Debug|Any CPU.ActiveCfg = Debug|Any CPU
		{E9A6F7C7-FB71-4907-9671-AD6FD3E2C473}.Debug|Any CPU.Build.0 = Debug|Any CPU
		{E9A6F7C7-FB71-4907-9671-AD6FD3E2C473}.Release|Any CPU.ActiveCfg = Release|Any CPU
		{E9A6F7C7-FB71-4907-9671-AD6FD3E2C473}.Release|Any CPU.Build.0 = Release|Any CPU
		{293C7BF9-4AF2-4CC7-8D17-59A64B771101}.Debug|Any CPU.ActiveCfg = Debug|Any CPU
		{293C7BF9-4AF2-4CC7-8D17-59A64B771101}.Debug|Any CPU.Build.0 = Debug|Any CPU
		{293C7BF9-4AF2-4CC7-8D17-59A64B771101}.Release|Any CPU.ActiveCfg = Release|Any CPU
		{293C7BF9-4AF2-4CC7-8D17-59A64B771101}.Release|Any CPU.Build.0 = Release|Any CPU
		{049F1B57-22DE-42E2-A648-B64B82BF6DF5}.Debug|Any CPU.ActiveCfg = Debug|Any CPU
		{049F1B57-22DE-42E2-A648-B64B82BF6DF5}.Debug|Any CPU.Build.0 = Debug|Any CPU
		{049F1B57-22DE-42E2-A648-B64B82BF6DF5}.Release|Any CPU.ActiveCfg = Release|Any CPU
		{049F1B57-22DE-42E2-A648-B64B82BF6DF5}.Release|Any CPU.Build.0 = Release|Any CPU
	EndGlobalSection
	GlobalSection(SolutionProperties) = preSolution
		HideSolutionNode = FALSE
	EndGlobalSection
	GlobalSection(ExtensibilityGlobals) = postSolution
		SolutionGuid = {BBFD5253-251D-4B48-81D4-54607F482C9F}
	EndGlobalSection
EndGlobal
